
Microsoft Visual Studio Solution File, Format Version 12.00
# Visual Studio Version 18
VisualStudioVersion = 18.4.11612.150
MinimumVisualStudioVersion = 10.0.40219.1
Project("{FAE04EC0-301F-11D3-BF4B-00C04F79EFBC}") = "EventStoreKit", "EventStoreKit\EventStoreKit.csproj", "{59BBA2C7-57EF-581B-7CAF-61AD951DF571}"
EndProject
Project("{FAE04EC0-301F-11D3-BF4B-00C04F79EFBC}") = "EventStoreKit.Tests", "EventStoreKit.Tests\EventStoreKit.Tests.csproj", "{66106846-CE94-4A9F-A50C-B0E4C476A776}"
EndProject
Global
	GlobalSection(SolutionConfigurationPlatforms) = preSolution
		Debug|Any CPU = Debug|Any CPU
		Debug|x64 = Debug|x64
		Debug|x86 = Debug|x86
		Release|Any CPU = Release|Any CPU
		Release|x64 = Release|x64
		Release|x86 = Release|x86
	EndGlobalSection
	GlobalSection(ProjectConfigurationPlatforms) = postSolution
		{59BBA2C7-57EF-581B-7CAF-61AD951DF571}.Debug|Any CPU.ActiveCfg = Debug|Any CPU
		{59BBA2C7-57EF-581B-7CAF-61AD951DF571}.Debug|Any CPU.Build.0 = Debug|Any CPU
		{59BBA2C7-57EF-581B-7CAF-61AD951DF571}.Debug|x64.ActiveCfg = Debug|Any CPU
		{59BBA2C7-57EF-581B-7CAF-61AD951DF571}.Debug|x64.Build.0 = Debug|Any CPU
		{59BBA2C7-57EF-581B-7CAF-61AD951DF571}.Debug|x86.ActiveCfg = Debug|Any CPU
		{59BBA2C7-57EF-581B-7CAF-61AD951DF571}.Debug|x86.Build.0 = Debug|Any CPU
		{59BBA2C7-57EF-581B-7CAF-61AD951DF571}.Release|Any CPU.ActiveCfg = Release|Any CPU
		{59BBA2C7-57EF-581B-7CAF-61AD951DF571}.Release|Any CPU.Build.0 = Release|Any CPU
		{59BBA2C7-57EF-581B-7CAF-61AD951DF571}.Release|x64.ActiveCfg = Release|Any CPU
		{59BBA2C7-57EF-581B-7CAF-61AD951DF571}.Release|x64.Build.0 = Release|Any CPU
		{59BBA2C7-57EF-581B-7CAF-61AD951DF571}.Release|x86.ActiveCfg = Release|Any CPU
		{59BBA2C7-57EF-581B-7CAF-61AD951DF571}.Release|x86.Build.0 = Release|Any CPU
		{66106846-CE94-4A9F-A50C-B0E4C476A776}.Debug|Any CPU.ActiveCfg = Debug|Any CPU
		{66106846-CE94-4A9F-A50C-B0E4C476A776}.Debug|Any CPU.Build.0 = Debug|Any CPU
		{66106846-CE94-4A9F-A50C-B0E4C476A776}.Debug|x64.ActiveCfg = Debug|Any CPU
		{66106846-CE94-4A9F-A50C-B0E4C476A776}.Debug|x64.Build.0 = Debug|Any CPU
		{66106846-CE94-4A9F-A50C-B0E4C476A776}.Debug|x86.ActiveCfg = Debug|Any CPU
		{66106846-CE94-4A9F-A50C-B0E4C476A776}.Debug|x86.Build.0 = Debug|Any CPU
		{66106846-CE94-4A9F-A50C-B0E4C476A776}.Release|Any CPU.ActiveCfg = Release|Any CPU
		{66106846-CE94-4A9F-A50C-B0E4C476A776}.Release|Any CPU.Build.0 = Release|Any CPU
		{66106846-CE94-4A9F-A50C-B0E4C476A776}.Release|x64.ActiveCfg = Release|Any CPU
		{66106846-CE94-4A9F-A50C-B0E4C476A776}.Release|x64.Build.0 = Release|Any CPU
		{66106846-CE94-4A9F-A50C-B0E4C476A776}.Release|x86.ActiveCfg = Release|Any CPU
		{66106846-CE94-4A9F-A50C-B0E4C476A776}.Release|x86.Build.0 = Release|Any CPU
	EndGlobalSection
	GlobalSection(SolutionProperties) = preSolution
		HideSolutionNode = FALSE
	EndGlobalSection
	GlobalSection(ExtensibilityGlobals) = postSolution
		SolutionGuid = {C55CDEFB-E50C-45BC-81E0-3E504C7876F5}
	EndGlobalSection
EndGlobal
