
Microsoft Visual Studio Solution File, Format Version 12.00
# Visual Studio 15
VisualStudioVersion = 15.0.27004.2002
MinimumVisualStudioVersion = 10.0.40219.1
Project("{9A19103F-16F7-4668-BE54-9A1E7A4F7556}") = "Northwind.Console", "Northwind.Console.csproj", "{0663F3AD-22A3-4578-8140-96DDB96B4632}"
EndProject
Global
	GlobalSection(SolutionConfigurationPlatforms) = preSolution
		Debug|Any CPU = Debug|Any CPU
		Release|Any CPU = Release|Any CPU
	EndGlobalSection
	GlobalSection(ProjectConfigurationPlatforms) = postSolution
		{3C2F459F-28EA-4B63-BFC5-ABEE5BF43F5D}.Debug|Any CPU.ActiveCfg = Debug|Any CPU
		{3C2F459F-28EA-4B63-BFC5-ABEE5BF43F5D}.Debug|Any CPU.Build.0 = Debug|Any CPU
		{3C2F459F-28EA-4B63-BFC5-ABEE5BF43F5D}.Release|Any CPU.ActiveCfg = Release|Any CPU
		{3C2F459F-28EA-4B63-BFC5-ABEE5BF43F5D}.Release|Any CPU.Build.0 = Release|Any CPU
		{0663F3AD-22A3-4578-8140-96DDB96B4632}.Debug|Any CPU.ActiveCfg = Debug|Any CPU
		{0663F3AD-22A3-4578-8140-96DDB96B4632}.Debug|Any CPU.Build.0 = Debug|Any CPU
		{0663F3AD-22A3-4578-8140-96DDB96B4632}.Release|Any CPU.ActiveCfg = Release|Any CPU
		{0663F3AD-22A3-4578-8140-96DDB96B4632}.Release|Any CPU.Build.0 = Release|Any CPU
	EndGlobalSection
	GlobalSection(SolutionProperties) = preSolution
		HideSolutionNode = FALSE
	EndGlobalSection
	GlobalSection(ExtensibilityGlobals) = postSolution
		SolutionGuid = {E34B8202-A085-41B8-8021-2936125718D4}
	EndGlobalSection
EndGlobal
